
Microsoft Visual Studio Solution File, Format Version 12.00
# Visual Studio Version 16
VisualStudioVersion = 16.0.31702.278
MinimumVisualStudioVersion = 10.0.40219.1
Project("{FAE04EC0-301F-11D3-BF4B-00C04F79EFBC}") = "WPFBD_GD_1ER", "WPFBD_GD_1ER\WPFBD_GD_1ER.csproj", "{AE94C1BC-3379-4E7D-B5B9-A44AFD419E9B}"
EndProject
Global
	GlobalSection(SolutionConfigurationPlatforms) = preSolution
		Debug|Any CPU = Debug|Any CPU
		Release|Any CPU = Release|Any CPU
	EndGlobalSection
	GlobalSection(ProjectConfigurationPlatforms) = postSolution
		{AE94C1BC-3379-4E7D-B5B9-A44AFD419E9B}.Debug|Any CPU.ActiveCfg = Debug|Any CPU
		{AE94C1BC-3379-4E7D-B5B9-A44AFD419E9B}.Debug|Any CPU.Build.0 = Debug|Any CPU
		{AE94C1BC-3379-4E7D-B5B9-A44AFD419E9B}.Release|Any CPU.ActiveCfg = Release|Any CPU
		{AE94C1BC-3379-4E7D-B5B9-A44AFD419E9B}.Release|Any CPU.Build.0 = Release|Any CPU
	EndGlobalSection
	GlobalSection(SolutionProperties) = preSolution
		HideSolutionNode = FALSE
	EndGlobalSection
	GlobalSection(ExtensibilityGlobals) = postSolution
		SolutionGuid = {D360D1BB-A57B-466E-B19E-C5EDF2F07A42}
	EndGlobalSection
EndGlobal
